# THIS IS AN AUTOGENERATED FILE. DO NOT EDIT THIS FILE DIRECTLY.
# yarn lockfile v1


"@pmmmwh/react-refresh-webpack-plugin@0.5.10":
  version "0.5.10"
  resolved "https://registry.npmjs.org/@pmmmwh/react-refresh-webpack-plugin/-/react-refresh-webpack-plugin-0.5.10.tgz"
  integrity sha512-j0Ya0hCFZPd4x40qLzbhGsh9TMtdb+CJQiso+WxLOPNasohq9cc5SNUcwsZaRH6++Xh91Xkm/xHCkuIiIu0LUA==
  dependencies:
    ansi-html-community "^0.0.8"
    common-path-prefix "^3.0.0"
    core-js-pure "^3.23.3"
    error-stack-parser "^2.0.6"
    find-up "^5.0.0"
    html-entities "^2.1.0"
    loader-utils "^2.0.4"
    schema-utils "^3.0.0"
    source-map "^0.7.3"

"@reduxjs/toolkit@^2.2.1":
  version "2.2.1"
  resolved "https://registry.npmjs.org/@reduxjs/toolkit/-/toolkit-2.2.1.tgz"
  integrity sha512-8CREoqJovQW/5I4yvvijm/emUiCCmcs4Ev4XPWd4mizSO+dD3g5G6w34QK5AGeNrSH7qM8Fl66j4vuV7dpOdkw==
  dependencies:
    immer "^10.0.3"
    redux "^5.0.1"
    redux-thunk "^3.1.0"
    reselect "^5.0.1"

"@rsbuild/core@^1.0.0":
  version "1.0.0"
  resolved "https://registry.npmjs.org/@rsbuild/core/-/core-1.0.0.tgz"
  integrity sha512-3CGB2vP5o5BEioHCkkdr2CA0RpMHYCwonWkaHkIsiTfCMKUaHLCkJzWJinGvg5muuHZA6YANI2YwF6wG8/cOAw==
  dependencies:
    "@rsbuild/shared" "1.0.0"
    "@rspack/core" "0.4.0"
    core-js "~3.32.2"
    html-webpack-plugin "npm:html-rspack-plugin@5.5.7"
    postcss "8.4.31"
    semver "^7.5.4"
    ws "^8.2.0"

"@rsbuild/plugin-react@^1.0.0":
  version "1.0.0"
  resolved "https://registry.npmjs.org/@rsbuild/plugin-react/-/plugin-react-1.0.0.tgz"
  integrity sha512-lL0eP5H/qId62tq94Xb4NjnOhA1j6f2q9I6XguGxdywHSo65Qc7bJ5jE3YaL+W6Jf1uZgJZs5kO31nrh97IJSg==
  dependencies:
    "@rsbuild/shared" "1.0.0"
    "@rspack/plugin-react-refresh" "0.4.0"
    react-refresh "^0.14.0"
    semver "^7.5.4"

"@rsbuild/shared@1.0.0":
  version "1.0.0"
  resolved "https://registry.npmjs.org/@rsbuild/shared/-/shared-1.0.0.tgz"
  integrity sha512-S8naGkaXAN+5vjk22Ghox07kGK/Weg5C1imc1ELB4J66m5PWaDSnlxiv8hdmruKelcNuWUaqmTJrqEpUkVSezw==
  dependencies:
    "@rspack/core" "0.4.0"
    caniuse-lite "^1.0.30001559"
    line-diff "2.1.1"
    lodash "^4.17.21"
    postcss "8.4.31"

"@rspack/binding-win32-x64-msvc@0.4.0":
  version "0.4.0"
  resolved "https://registry.npmjs.org/@rspack/binding-win32-x64-msvc/-/binding-win32-x64-msvc-0.4.0.tgz"
  integrity sha512-F3pAxz1GakFkyq8S+iPTqVkvIFnHG9te36wLW+tIzY4oC0vNPsEVunBp6NrYHzTaOf3aBZ+bvsLZyfvg+pKxqA==

"@rspack/binding@0.4.0":
  version "0.4.0"
  resolved "https://registry.npmjs.org/@rspack/binding/-/binding-0.4.0.tgz"
  integrity sha512-SpjaySPGmyRnRHrQItl9W9NGE2WoHsUPnererZaLK+pfVgO92q9uoEoKl3EBNNI9uttG132SCz4cx1zXwN394w==
  optionalDependencies:
    "@rspack/binding-darwin-arm64" "0.4.0"
    "@rspack/binding-darwin-x64" "0.4.0"
    "@rspack/binding-linux-arm64-gnu" "0.4.0"
    "@rspack/binding-linux-arm64-musl" "0.4.0"
    "@rspack/binding-linux-x64-gnu" "0.4.0"
    "@rspack/binding-linux-x64-musl" "0.4.0"
    "@rspack/binding-win32-arm64-msvc" "0.4.0"
    "@rspack/binding-win32-ia32-msvc" "0.4.0"
    "@rspack/binding-win32-x64-msvc" "0.4.0"

"@rspack/core@0.4.0":
  version "0.4.0"
  resolved "https://registry.npmjs.org/@rspack/core/-/core-0.4.0.tgz"
  integrity sha512-GY8lsCGRzj1mj5q1Ss5kjazpSisT/HJdXpIU730pG4Os6mE2sGYVUJ0ncYRv/DEBcL1c2dVr5vtMKTHlNYRlfg==
  dependencies:
    "@rspack/binding" "0.4.0"
    "@swc/helpers" "0.5.1"
    browserslist "^4.21.3"
    compare-versions "6.0.0-rc.1"
    enhanced-resolve "5.12.0"
    fast-querystring "1.1.2"
    graceful-fs "4.2.10"
    json-parse-even-better-errors "^3.0.0"
    neo-async "2.6.2"
    react-refresh "0.14.0"
    tapable "2.2.1"
    terminal-link "^2.1.1"
    watchpack "^2.4.0"
    webpack-sources "3.2.3"
    zod "^3.21.4"
    zod-validation-error "1.2.0"

"@rspack/plugin-react-refresh@0.4.0":
  version "0.4.0"
  resolved "https://registry.npmjs.org/@rspack/plugin-react-refresh/-/plugin-react-refresh-0.4.0.tgz"
  integrity sha512-yo2FXVj6P2HrBGIxBqqRJQzAdG6CrL0WFE+kQk/Uz+7Ct09nPvl7zRdHE1BUXHnSXIjrMJj4fRmd7hXsmtTHXQ==
  dependencies:
    "@pmmmwh/react-refresh-webpack-plugin" "0.5.10"

"@swc/helpers@^0.5.1":
  version "0.5.6"
  dependencies:
    tslib "^2.4.0"

"@swc/helpers@0.5.1":
  version "0.5.1"
  resolved "https://registry.npmjs.org/@swc/helpers/-/helpers-0.5.1.tgz"
  integrity sha512-sJ902EfIzn1Fa+qYmjdQqh8tPsoxyBz+8yBKC2HKUxyezKJFwPGOn7pv4WY6QuQW//ySQi5lJjA/ZT9sNWWNTg==
  dependencies:
    tslib "^2.4.0"

"@types/json-schema@^7.0.8":
  version "7.0.15"
  resolved "https://registry.npmjs.org/@types/json-schema/-/json-schema-7.0.15.tgz"
  integrity sha512-5+fP8P8MFNC+AyZCDxrB2pkZFPGzqQWUzpSeuuVLvm8VMcorNYavBqoFcxK8bQz4Qsbn4oUEEem4wDLfcysGHA==

"@types/prop-types@*":
  version "15.7.11"
  resolved "https://registry.npmjs.org/@types/prop-types/-/prop-types-15.7.11.tgz"
  integrity sha512-ga8y9v9uyeiLdpKddhxYQkxNDrfvuPrlFb0N1qnZZByvcElJaXthF1UhvCh9TLWJBEHeNtdnbysW7Y6Uq8CVng==

"@types/react-dom@^18.2.21":
  version "18.2.21"
  dependencies:
    "@types/react" "*"

"@types/react@*", "@types/react@^18.2.65":
  version "18.2.65"
  resolved "https://registry.npmjs.org/@types/react/-/react-18.2.65.tgz"
  integrity sha512-98TsY0aW4jqx/3RqsUXwMDZSWR1Z4CUlJNue8ueS2/wcxZOsz4xmW1X8ieaWVRHcmmQM3R8xVA4XWB3dJnWwDQ==
  dependencies:
    "@types/prop-types" "*"
    "@types/scheduler" "*"
    csstype "^3.0.2"

"@types/scheduler@*":
  version "0.16.8"
  resolved "https://registry.npmjs.org/@types/scheduler/-/scheduler-0.16.8.tgz"
  integrity sha512-WZLiwShhwLRmeV6zH+GkbOFT6Z6VklCItrDioxUnv+u4Ll+8vKeFySoFyK/0ctcRpOmwAicELfmys1sDc/Rw+A==

"@types/use-sync-external-store@^0.0.3":
  version "0.0.3"
  resolved "https://registry.npmjs.org/@types/use-sync-external-store/-/use-sync-external-store-0.0.3.tgz"
  integrity sha512-EwmlvuaxPNej9+T4v5AuBPJa2x2UOJVdjCtDHgcDqitUeOtjnJKJ+apYjVcAoBEMjKW1VVFGZLUb5+qqa09XFA==

"@vkontakte/icons-sprite@2.0.0":
  version "2.0.0"
  dependencies:
    "@swc/helpers" "^0.5.1"

"@vkontakte/icons@^2.102.0":
  version "2.102.0"
  resolved "https://registry.npmjs.org/@vkontakte/icons/-/icons-2.102.0.tgz"
  integrity sha512-u1FXmTVmWMt5+wwEP4N2aoM4z2+5qTorXSWvnJKx/diurPPhOqbVfPAByQ+6MEykrnWaD0g1nRcvsqY4q8eXLA==
  dependencies:
    "@vkontakte/icons-sprite" "2.0.0"

ajv-keywords@^3.5.2:
  version "3.5.2"
  resolved "https://registry.npmjs.org/ajv-keywords/-/ajv-keywords-3.5.2.tgz"
  integrity sha512-5p6WTN0DdTGVQk6VjcEju19IgaHudalcfabD7yhDGeA6bcQnmL+CpveLJq/3hvfwd1aof6L386Ougkx6RfyMIQ==

ajv@^6.12.5:
  version "6.12.6"
  resolved "https://registry.npmjs.org/ajv/-/ajv-6.12.6.tgz"
  integrity sha512-j3fVLgvTo527anyYyJOGTYJbG+vnnQYvE0m5mmkc1TK+nxAppkCLMIL0aZ4dblVCNoGShhm+kzE4ZUykBoMg4g==
  dependencies:
    fast-deep-equal "^3.1.1"
    fast-json-stable-stringify "^2.0.0"
    json-schema-traverse "^0.4.1"
    uri-js "^4.2.2"

ansi-escapes@^4.2.1:
  version "4.3.2"
  resolved "https://registry.npmjs.org/ansi-escapes/-/ansi-escapes-4.3.2.tgz"
  integrity sha512-gKXj5ALrKWQLsYG9jlTRmR/xKluxHV+Z9QEwNIgCfM1/uwPMCuzVVnh5mwTd+OuBZcwSIMbqssNWRm1lE51QaQ==
  dependencies:
    type-fest "^0.21.3"

ansi-html-community@^0.0.8:
  version "0.0.8"
  resolved "https://registry.npmjs.org/ansi-html-community/-/ansi-html-community-0.0.8.tgz"
  integrity sha512-1APHAyr3+PCamwNw3bXCPp4HFLONZt/yIH0sZp0/469KWNTEy+qN5jQ3GVX6DMZ1UXAi34yVwtTeaG/HpBuuzw==

big.js@^5.2.2:
  version "5.2.2"
  resolved "https://registry.npmjs.org/big.js/-/big.js-5.2.2.tgz"
  integrity sha512-vyL2OymJxmarO8gxMr0mhChsO9QGwhynfuu4+MHTAW6czfq9humCB7rKpUjDd9YUiDPU4mzpyupFSvOClAwbmQ==

browserslist@^4.21.3:
  version "4.23.0"
  resolved "https://registry.npmjs.org/browserslist/-/browserslist-4.23.0.tgz"
  integrity sha512-QW8HiM1shhT2GuzkvklfjcKDiWFXHOeFCIA/huJPwHsslwcydgk7X+z2zXpEijP98UCY7HbubZt5J2Zgvf0CaQ==
  dependencies:
    caniuse-lite "^1.0.30001587"
    electron-to-chromium "^1.4.668"
    node-releases "^2.0.14"
    update-browserslist-db "^1.0.13"

caniuse-lite@^1.0.30001559, caniuse-lite@^1.0.30001587:
  version "1.0.30001597"
  resolved "https://registry.npmjs.org/caniuse-lite/-/caniuse-lite-1.0.30001597.tgz"
  integrity sha512-7LjJvmQU6Sj7bL0j5b5WY/3n7utXUJvAe1lxhsHDbLmwX9mdL86Yjtr+5SRCyf8qME4M7pU2hswj0FpyBVCv9w==

common-path-prefix@^3.0.0:
  version "3.0.0"
  resolved "https://registry.npmjs.org/common-path-prefix/-/common-path-prefix-3.0.0.tgz"
  integrity sha512-QE33hToZseCH3jS0qN96O/bSh3kaw/h+Tq7ngyY9eWDUnTlTNUyqfqvCXioLe5Na5jFsL78ra/wuBU4iuEgd4w==

compare-versions@6.0.0-rc.1:
  version "6.0.0-rc.1"
  resolved "https://registry.npmjs.org/compare-versions/-/compare-versions-6.0.0-rc.1.tgz"
  integrity sha512-cFhkjbGY1jLFWIV7KegECbfuyYPxSGvgGkdkfM+ibboQDoPwg2FRHm5BSNTOApiauRBzJIQH7qvOJs2sW5ueKQ==

core-js-pure@^3.23.3:
  version "3.36.0"
  resolved "https://registry.npmjs.org/core-js-pure/-/core-js-pure-3.36.0.tgz"
  integrity sha512-cN28qmhRNgbMZZMc/RFu5w8pK9VJzpb2rJVR/lHuZJKwmXnoWOpXmMkxqBB514igkp1Hu8WGROsiOAzUcKdHOQ==

core-js@~3.32.2:
  version "3.32.2"
  resolved "https://registry.npmjs.org/core-js/-/core-js-3.32.2.tgz"
  integrity sha512-pxXSw1mYZPDGvTQqEc5vgIb83jGQKFGYWY76z4a7weZXUolw3G+OvpZqSRcfYOoOVUQJYEPsWeQK8pKEnUtWxQ==

csstype@^3.0.2:
  version "3.1.3"
  resolved "https://registry.npmjs.org/csstype/-/csstype-3.1.3.tgz"
  integrity sha512-M1uQkMl8rQK/szD0LNhtqxIPLpimGm8sOBwU7lLnCpSbTyY3yeU1Vc7l4KT5zT4s/yOxHH5O7tIuuLOCnLADRw==

electron-to-chromium@^1.4.668:
  version "1.4.701"
  resolved "https://registry.npmjs.org/electron-to-chromium/-/electron-to-chromium-1.4.701.tgz"
  integrity sha512-K3WPQ36bUOtXg/1+69bFlFOvdSm0/0bGqmsfPDLRXLanoKXdA+pIWuf/VbA9b+2CwBFuONgl4NEz4OEm+OJOKA==

emojis-list@^3.0.0:
  version "3.0.0"
  resolved "https://registry.npmjs.org/emojis-list/-/emojis-list-3.0.0.tgz"
  integrity sha512-/kyM18EfinwXZbno9FyUGeFh87KC8HRQBQGildHZbEuRyWFOmv1U10o9BBp8XVZDVNNuQKyIGIu5ZYAAXJ0V2Q==

enhanced-resolve@5.12.0:
  version "5.12.0"
  resolved "https://registry.npmjs.org/enhanced-resolve/-/enhanced-resolve-5.12.0.tgz"
  integrity sha512-QHTXI/sZQmko1cbDoNAa3mJ5qhWUUNAq3vR0/YiD379fWQrcfuoX1+HW2S0MTt7XmoPLapdaDKUtelUSPic7hQ==
  dependencies:
    graceful-fs "^4.2.4"
    tapable "^2.2.0"

error-stack-parser@^2.0.6:
  version "2.1.4"
  resolved "https://registry.npmjs.org/error-stack-parser/-/error-stack-parser-2.1.4.tgz"
  integrity sha512-Sk5V6wVazPhq5MhpO+AUxJn5x7XSXGl1R93Vn7i+zS15KDVxQijejNCrz8340/2bgLBjR9GtEG8ZVKONDjcqGQ==
  dependencies:
    stackframe "^1.3.4"

escalade@^3.1.1:
  version "3.1.2"
  resolved "https://registry.npmjs.org/escalade/-/escalade-3.1.2.tgz"
  integrity sha512-ErCHMCae19vR8vQGe50xIsVomy19rg6gFu3+r3jkEO46suLMWBksvVyoGgQV+jOfl84ZSOSlmv6Gxa89PmTGmA==

fast-decode-uri-component@^1.0.1:
  version "1.0.1"
  resolved "https://registry.npmjs.org/fast-decode-uri-component/-/fast-decode-uri-component-1.0.1.tgz"
  integrity sha512-WKgKWg5eUxvRZGwW8FvfbaH7AXSh2cL+3j5fMGzUMCxWBJ3dV3a7Wz8y2f/uQ0e3B6WmodD3oS54jTQ9HVTIIg==

fast-deep-equal@^3.1.1:
  version "3.1.3"
  resolved "https://registry.npmjs.org/fast-deep-equal/-/fast-deep-equal-3.1.3.tgz"
  integrity sha512-f3qQ9oQy9j2AhBe/H9VC91wLmKBCCU/gDOnKNAYG5hswO7BLKj09Hc5HYNz9cGI++xlpDCIgDaitVs03ATR84Q==

fast-json-stable-stringify@^2.0.0:
  version "2.1.0"
  resolved "https://registry.npmjs.org/fast-json-stable-stringify/-/fast-json-stable-stringify-2.1.0.tgz"
  integrity sha512-lhd/wF+Lk98HZoTCtlVraHtfh5XYijIjalXck7saUtuanSDyLMxnHhSXEDJqHxD7msR8D0uCmqlkwjCV8xvwHw==

fast-querystring@1.1.2:
  version "1.1.2"
  resolved "https://registry.npmjs.org/fast-querystring/-/fast-querystring-1.1.2.tgz"
  integrity sha512-g6KuKWmFXc0fID8WWH0jit4g0AGBoJhCkJMb1RmbsSEUNvQ+ZC8D6CUZ+GtF8nMzSPXnhiePyyqqipzNNEnHjg==
  dependencies:
    fast-decode-uri-component "^1.0.1"

find-up@^5.0.0:
  version "5.0.0"
  resolved "https://registry.npmjs.org/find-up/-/find-up-5.0.0.tgz"
  integrity sha512-78/PXT1wlLLDgTzDs7sjq9hzz0vXD+zn+7wypEe4fXQxCmdmqfGsEPQxmiCSQI3ajFV91bVSsvNtrJRiW6nGng==
  dependencies:
    locate-path "^6.0.0"
    path-exists "^4.0.0"

glob-to-regexp@^0.4.1:
  version "0.4.1"
  resolved "https://registry.npmjs.org/glob-to-regexp/-/glob-to-regexp-0.4.1.tgz"
  integrity sha512-lkX1HJXwyMcprw/5YUZc2s7DrpAiHB21/V+E1rHUrVNokkvB6bqMzT0VfV6/86ZNabt1k14YOIaT7nDvOX3Iiw==

graceful-fs@^4.1.2, graceful-fs@^4.2.4, graceful-fs@4.2.10:
  version "4.2.10"
  resolved "https://registry.npmjs.org/graceful-fs/-/graceful-fs-4.2.10.tgz"
  integrity sha512-9ByhssR2fPVsNZj478qUUbKfmL0+t5BDVyjShtyZZLiK7ZDAArFFfopyOTj0M05wE2tJPisA4iTnnXl2YoPvOA==

has-flag@^4.0.0:
  version "4.0.0"
  resolved "https://registry.npmjs.org/has-flag/-/has-flag-4.0.0.tgz"
  integrity sha512-EykJT/Q1KjTWctppgIAgfSO0tKVuZUjhgMr17kqTumMl6Afv3EISleU7qZUzoXDFTAHTDC4NOoG/ZxU3EvlMPQ==

html-entities@^2.1.0:
  version "2.5.2"
  resolved "https://registry.npmjs.org/html-entities/-/html-entities-2.5.2.tgz"
  integrity sha512-K//PSRMQk4FZ78Kyau+mZurHn3FH0Vwr+H36eE0rPbeYkRRi9YxceYPhuN60UwWorxyKHhqoAJl2OFKa4BVtaA==

"html-webpack-plugin@npm:html-rspack-plugin@5.5.7":
  version "5.5.7"
  resolved "https://registry.npmjs.org/html-rspack-plugin/-/html-rspack-plugin-5.5.7.tgz"
  integrity sha512-7dNAURj9XBHWoYg59F8VU6hT7J7w+od4Lr5hc/rrgN6sy6QfqVpoPqW9Qw4IGFOgit8Pul7iQp1yysBSIhOlsg==
  dependencies:
    lodash "^4.17.21"
    tapable "^2.0.0"

immer@^10.0.3:
  version "10.0.4"
  resolved "https://registry.npmjs.org/immer/-/immer-10.0.4.tgz"
  integrity sha512-cuBuGK40P/sk5IzWa9QPUaAdvPHjkk1c+xYsd9oZw+YQQEV+10G0P5uMpGctZZKnyQ+ibRO08bD25nWLmYi2pw==

"js-tokens@^3.0.0 || ^4.0.0":
  version "4.0.0"
  resolved "https://registry.npmjs.org/js-tokens/-/js-tokens-4.0.0.tgz"
  integrity sha512-RdJUflcE3cUzKiMqQgsCu06FPu9UdIJO0beYbPhHN4k6apgJtifcoCtT9bcxOpYBtpD2kCM6Sbzg4CausW/PKQ==

json-parse-even-better-errors@^3.0.0:
  version "3.0.1"
  resolved "https://registry.npmjs.org/json-parse-even-better-errors/-/json-parse-even-better-errors-3.0.1.tgz"
  integrity sha512-aatBvbL26wVUCLmbWdCpeu9iF5wOyWpagiKkInA+kfws3sWdBrTnsvN2CKcyCYyUrc7rebNBlK6+kteg7ksecg==

json-schema-traverse@^0.4.1:
  version "0.4.1"
  resolved "https://registry.npmjs.org/json-schema-traverse/-/json-schema-traverse-0.4.1.tgz"
  integrity sha512-xbbCH5dCYU5T8LcEhhuh7HJ88HXuW3qsI3Y0zOZFKfZEHcpWiHU/Jxzk629Brsab/mMiHQti9wMP+845RPe3Vg==

json5@^2.1.2:
  version "2.2.3"
  resolved "https://registry.npmjs.org/json5/-/json5-2.2.3.tgz"
  integrity sha512-XmOWe7eyHYH14cLdVPoyg+GOH3rYX++KpzrylJwSW98t3Nk+U8XOl8FWKOgwtzdb8lXGf6zYwDUzeHMWfxasyg==

levdist@^1.0.0:
  version "1.0.0"
  resolved "https://registry.npmjs.org/levdist/-/levdist-1.0.0.tgz"
  integrity sha512-YguwC2spb0pqpJM3a5OsBhih/GG2ZHoaSHnmBqhEI7997a36buhqcRTegEjozHxyxByIwLpZHZTVYMThq+Zd3g==

line-diff@2.1.1:
  version "2.1.1"
  resolved "https://registry.npmjs.org/line-diff/-/line-diff-2.1.1.tgz"
  integrity sha512-vswdynAI5AMPJacOo2o+JJ4caDJbnY2NEqms4MhMW0NJbjh3skP/brpVTAgBxrg55NRZ2Vtw88ef18hnagIpYQ==
  dependencies:
    levdist "^1.0.0"

loader-utils@^2.0.4:
  version "2.0.4"
  resolved "https://registry.npmjs.org/loader-utils/-/loader-utils-2.0.4.tgz"
  integrity sha512-xXqpXoINfFhgua9xiqD8fPFHgkoq1mmmpE92WlDbm9rNRd/EbRb+Gqf908T2DMfuHjjJlksiK2RbHVOdD/MqSw==
  dependencies:
    big.js "^5.2.2"
    emojis-list "^3.0.0"
    json5 "^2.1.2"

locate-path@^6.0.0:
  version "6.0.0"
  resolved "https://registry.npmjs.org/locate-path/-/locate-path-6.0.0.tgz"
  integrity sha512-iPZK6eYjbxRu3uB4/WZ3EsEIMJFMqAoopl3R+zuq0UjcAm/MO6KCweDgPfP3elTztoKP3KtnVHxTn2NHBSDVUw==
  dependencies:
    p-locate "^5.0.0"

lodash@^4.17.21:
  version "4.17.21"
  resolved "https://registry.npmjs.org/lodash/-/lodash-4.17.21.tgz"
  integrity sha512-v2kDEe57lecTulaDIuNTPy3Ry4gLGJ6Z1O3vE1krgXZNrsQ+LFTGHVxVjcXPs17LhbZVGedAJv8XZ1tvj5FvSg==

loose-envify@^1.1.0:
  version "1.4.0"
  resolved "https://registry.npmjs.org/loose-envify/-/loose-envify-1.4.0.tgz"
  integrity sha512-lyuxPGr/Wfhrlem2CL/UcnUc1zcqKAImBDzukY7Y5F/yQiNdko6+fRLevlw1HgMySw7f611UIY408EtxRSoK3Q==
  dependencies:
    js-tokens "^3.0.0 || ^4.0.0"

lru-cache@^6.0.0:
  version "6.0.0"
  resolved "https://registry.npmjs.org/lru-cache/-/lru-cache-6.0.0.tgz"
  integrity sha512-Jo6dJ04CmSjuznwJSS3pUeWmd/H0ffTlkXXgwZi+eq1UCmqQwCh+eLsYOYCwY991i2Fah4h1BEMCx4qThGbsiA==
  dependencies:
    yallist "^4.0.0"

nanoid@^3.3.6:
  version "3.3.7"
  resolved "https://registry.npmjs.org/nanoid/-/nanoid-3.3.7.tgz"
  integrity sha512-eSRppjcPIatRIMC1U6UngP8XFcz8MQWGQdt1MTBQ7NaAmvXDfvNxbvWV3x2y6CdEUciCSsDHDQZbhYaB8QEo2g==

neo-async@2.6.2:
  version "2.6.2"
  resolved "https://registry.npmjs.org/neo-async/-/neo-async-2.6.2.tgz"
  integrity sha512-Yd3UES5mWCSqR+qNT93S3UoYUkqAZ9lLg8a7g9rimsWmYGK8cVToA4/sF3RrshdyV3sAGMXVUmpMYOw+dLpOuw==

node-releases@^2.0.14:
  version "2.0.14"
  resolved "https://registry.npmjs.org/node-releases/-/node-releases-2.0.14.tgz"
  integrity sha512-y10wOWt8yZpqXmOgRo77WaHEmhYQYGNA6y421PKsKYWEK8aW+cqAphborZDhqfyKrbZEN92CN1X2KbafY2s7Yw==

p-limit@^3.0.2:
  version "3.1.0"
  resolved "https://registry.npmjs.org/p-limit/-/p-limit-3.1.0.tgz"
  integrity sha512-TYOanM3wGwNGsZN2cVTYPArw454xnXj5qmWF1bEoAc4+cU/ol7GVh7odevjp1FNHduHc3KZMcFduxU5Xc6uJRQ==
  dependencies:
    yocto-queue "^0.1.0"

p-locate@^5.0.0:
  version "5.0.0"
  resolved "https://registry.npmjs.org/p-locate/-/p-locate-5.0.0.tgz"
  integrity sha512-LaNjtRWUBY++zB5nE/NwcaoMylSPk+S+ZHNB1TzdbMJMny6dynpAGt7X/tl/QYq3TIeE6nxHppbo2LGymrG5Pw==
  dependencies:
    p-limit "^3.0.2"

path-exists@^4.0.0:
  version "4.0.0"
  resolved "https://registry.npmjs.org/path-exists/-/path-exists-4.0.0.tgz"
  integrity sha512-ak9Qy5Q7jYb2Wwcey5Fpvg2KoAc/ZIhLSLOSBmRmygPsGwkVVt0fZa0qrtMz+m6tJTAHfZQ8FnmB4MG4LWy7/w==

picocolors@^1.0.0:
  version "1.0.0"
  resolved "https://registry.npmjs.org/picocolors/-/picocolors-1.0.0.tgz"
  integrity sha512-1fygroTLlHu66zi26VoTDv8yRgm0Fccecssto+MhsZ0D/DGW2sm8E8AjW7NU5VVTRt5GxbeZ5qBuJr+HyLYkjQ==

postcss@8.4.31:
  version "8.4.31"
  resolved "https://registry.npmjs.org/postcss/-/postcss-8.4.31.tgz"
  integrity sha512-PS08Iboia9mts/2ygV3eLpY5ghnUcfLV/EXTOW1E2qYxJKGGBUtNjN76FYHnMs36RmARn41bC0AZmn+rR0OVpQ==
  dependencies:
    nanoid "^3.3.6"
    picocolors "^1.0.0"
    source-map-js "^1.0.2"

punycode@^2.1.0:
  version "2.3.1"
  resolved "https://registry.npmjs.org/punycode/-/punycode-2.3.1.tgz"
  integrity sha512-vYt7UD1U9Wg6138shLtLOvdAu+8DsC/ilFtEVHcH+wydcSpNE20AfSOduf6MkRFahL5FY7X1oU7nKVZFtfq8Fg==

react-dom@^18.2.0:
  version "18.2.0"
  resolved "https://registry.npmjs.org/react-dom/-/react-dom-18.2.0.tgz"
  integrity sha512-6IMTriUmvsjHUjNtEDudZfuDQUoWXVxKHhlEGSk81n4YFS+r/Kl99wXiwlVXtPBtJenozv2P+hxDsw9eA7Xo6g==
  dependencies:
    loose-envify "^1.1.0"
    scheduler "^0.23.0"

react-redux@^9.1.0:
  version "9.1.0"
  resolved "https://registry.npmjs.org/react-redux/-/react-redux-9.1.0.tgz"
  integrity sha512-6qoDzIO+gbrza8h3hjMA9aq4nwVFCKFtY2iLxCtVT38Swyy2C/dJCGBXHeHLtx6qlg/8qzc2MrhOeduf5K32wQ==
  dependencies:
    "@types/use-sync-external-store" "^0.0.3"
    use-sync-external-store "^1.0.0"

react-refresh@^0.14.0, react-refresh@0.14.0:
  version "0.14.0"
  resolved "https://registry.npmjs.org/react-refresh/-/react-refresh-0.14.0.tgz"
  integrity sha512-wViHqhAd8OHeLS/IRMJjTSDHF3U9eWi62F/MledQGPdJGDhodXJ9PBLNGr6WWL7qlH12Mt3TyTpbS+hGXMjCzQ==

react@^18.2.0:
  version "18.2.0"
  resolved "https://registry.npmjs.org/react/-/react-18.2.0.tgz"
  integrity sha512-/3IjMdb2L9QbBdWiW5e3P2/npwMBaU9mHCSCUzNln0ZCYbcfTsGbTJrU/kGemdH2IWmB2ioZ+zkxtmq6g09fGQ==
  dependencies:
    loose-envify "^1.1.0"

redux-thunk@^3.1.0:
  version "3.1.0"
  resolved "https://registry.npmjs.org/redux-thunk/-/redux-thunk-3.1.0.tgz"
  integrity sha512-NW2r5T6ksUKXCabzhL9z+h206HQw/NJkcLm1GPImRQ8IzfXwRGqjVhKJGauHirT0DAuyy6hjdnMZaRoAcy0Klw==

redux@^5.0.1:
  version "5.0.1"
  resolved "https://registry.npmjs.org/redux/-/redux-5.0.1.tgz"
  integrity sha512-M9/ELqF6fy8FwmkpnF0S3YKOqMyoWJ4+CS5Efg2ct3oY9daQvd/Pc71FpGZsVsbl3Cpb+IIcjBDUnnyBdQbq4w==

reselect@^5.0.1:
  version "5.1.0"
  resolved "https://registry.npmjs.org/reselect/-/reselect-5.1.0.tgz"
  integrity sha512-aw7jcGLDpSgNDyWBQLv2cedml85qd95/iszJjN988zX1t7AVRJi19d9kto5+W7oCfQ94gyo40dVbT6g2k4/kXg==

scheduler@^0.23.0:
  version "0.23.0"
  resolved "https://registry.npmjs.org/scheduler/-/scheduler-0.23.0.tgz"
  integrity sha512-CtuThmgHNg7zIZWAXi3AsyIzA3n4xx7aNyjwC2VJldO2LMVDhFK+63xGqq6CsJH4rTAt6/M+N4GhZiDYPx9eUw==
  dependencies:
    loose-envify "^1.1.0"

schema-utils@^3.0.0:
  version "3.3.0"
  resolved "https://registry.npmjs.org/schema-utils/-/schema-utils-3.3.0.tgz"
  integrity sha512-pN/yOAvcC+5rQ5nERGuwrjLlYvLTbCibnZ1I7B1LaiAz9BRBlE9GMgE/eqV30P7aJQUf7Ddimy/RsbYO/GrVGg==
  dependencies:
    "@types/json-schema" "^7.0.8"
    ajv "^6.12.5"
    ajv-keywords "^3.5.2"

semver@^7.5.4:
  version "7.6.0"
  resolved "https://registry.npmjs.org/semver/-/semver-7.6.0.tgz"
  integrity sha512-EnwXhrlwXMk9gKu5/flx5sv/an57AkRplG3hTK68W7FRDN+k+OWBj65M7719OkA82XLBxrcX0KSHj+X5COhOVg==
  dependencies:
    lru-cache "^6.0.0"

source-map-js@^1.0.2:
  version "1.0.2"
  resolved "https://registry.npmjs.org/source-map-js/-/source-map-js-1.0.2.tgz"
  integrity sha512-R0XvVJ9WusLiqTCEiGCmICCMplcCkIwwR11mOSD9CR5u+IXYdiseeEuXCVAjS54zqwkLcPNnmU4OeJ6tUrWhDw==

source-map@^0.7.3:
  version "0.7.4"
  resolved "https://registry.npmjs.org/source-map/-/source-map-0.7.4.tgz"
  integrity sha512-l3BikUxvPOcn5E74dZiq5BGsTb5yEwhaTSzccU6t4sDOH8NWJCstKO5QT2CvtFoK6F0saL7p9xHAqHOlCPJygA==

stackframe@^1.3.4:
  version "1.3.4"
  resolved "https://registry.npmjs.org/stackframe/-/stackframe-1.3.4.tgz"
  integrity sha512-oeVtt7eWQS+Na6F//S4kJ2K2VbRlS9D43mAlMyVpVWovy9o+jfgH8O9agzANzaiLjclA0oYzUXEM4PurhSUChw==

supports-color@^7.0.0:
  version "7.2.0"
  resolved "https://registry.npmjs.org/supports-color/-/supports-color-7.2.0.tgz"
  integrity sha512-qpCAvRl9stuOHveKsn7HncJRvv501qIacKzQlO/+Lwxc9+0q2wLyv4Dfvt80/DPn2pqOBsJdDiogXGR9+OvwRw==
  dependencies:
    has-flag "^4.0.0"

supports-hyperlinks@^2.0.0:
  version "2.3.0"
  resolved "https://registry.npmjs.org/supports-hyperlinks/-/supports-hyperlinks-2.3.0.tgz"
  integrity sha512-RpsAZlpWcDwOPQA22aCH4J0t7L8JmAvsCxfOSEwm7cQs3LshN36QaTkwd70DnBOXDWGssw2eUoc8CaRWT0XunA==
  dependencies:
    has-flag "^4.0.0"
    supports-color "^7.0.0"

tapable@^2.0.0, tapable@^2.2.0, tapable@2.2.1:
  version "2.2.1"
  resolved "https://registry.npmjs.org/tapable/-/tapable-2.2.1.tgz"
  integrity sha512-GNzQvQTOIP6RyTfE2Qxb8ZVlNmw0n88vp1szwWRimP02mnTsx3Wtn5qRdqY9w2XduFNUgvOwhNnQsjwCp+kqaQ==

terminal-link@^2.1.1:
  version "2.1.1"
  resolved "https://registry.npmjs.org/terminal-link/-/terminal-link-2.1.1.tgz"
  integrity sha512-un0FmiRUQNr5PJqy9kP7c40F5BOfpGlYTrxonDChEZB7pzZxRNp/bt+ymiy9/npwXya9KH99nJ/GXFIiUkYGFQ==
  dependencies:
    ansi-escapes "^4.2.1"
    supports-hyperlinks "^2.0.0"

tslib@^2.4.0:
  version "2.6.2"
  resolved "https://registry.npmjs.org/tslib/-/tslib-2.6.2.tgz"
  integrity sha512-AEYxH93jGFPn/a2iVAwW87VuUIkR1FVUKB77NwMF7nBTDkDrrT/Hpt/IrCJ0QXhW27jTBDcf5ZY7w6RiqTMw2Q==

type-fest@^0.21.3:
  version "0.21.3"
  resolved "https://registry.npmjs.org/type-fest/-/type-fest-0.21.3.tgz"
  integrity sha512-t0rzBq87m3fVcduHDUFhKmyyX+9eo6WQjZvf51Ea/M0Q7+T374Jp1aUiyUl0GKxp8M/OETVHSDvmkyPgvX+X2w==

typescript@^5.4.2:
  version "5.4.2"
  resolved "https://registry.npmjs.org/typescript/-/typescript-5.4.2.tgz"
  integrity sha512-+2/g0Fds1ERlP6JsakQQDXjZdZMM+rqpamFZJEKh4kwTIn3iDkgKtby0CeNd5ATNZ4Ry1ax15TMx0W2V+miizQ==

update-browserslist-db@^1.0.13:
  version "1.0.13"
  resolved "https://registry.npmjs.org/update-browserslist-db/-/update-browserslist-db-1.0.13.tgz"
  integrity sha512-xebP81SNcPuNpPP3uzeW1NYXxI3rxyJzF3pD6sH4jE7o/IX+WtSpwnVU+qIsDPyk0d3hmFQ7mjqc6AtV604hbg==
  dependencies:
    escalade "^3.1.1"
    picocolors "^1.0.0"

uri-js@^4.2.2:
  version "4.4.1"
  resolved "https://registry.npmjs.org/uri-js/-/uri-js-4.4.1.tgz"
  integrity sha512-7rKUyy33Q1yc98pQ1DAmLtwX109F7TIfWlW1Ydo8Wl1ii1SeHieeh0HHfPeL2fMXK6z0s8ecKs9frCuLJvndBg==
  dependencies:
    punycode "^2.1.0"

use-sync-external-store@^1.0.0:
  version "1.2.0"
  resolved "https://registry.npmjs.org/use-sync-external-store/-/use-sync-external-store-1.2.0.tgz"
  integrity sha512-eEgnFxGQ1Ife9bzYs6VLi8/4X6CObHMw9Qr9tPY43iKwsPw8xE8+EFsf/2cFZ5S3esXgpWgtSCtLNS41F+sKPA==

watchpack@^2.4.0:
  version "2.4.0"
  resolved "https://registry.npmjs.org/watchpack/-/watchpack-2.4.0.tgz"
  integrity sha512-Lcvm7MGST/4fup+ifyKi2hjyIAwcdI4HRgtvTpIUxBRhB+RFtUh8XtDOxUfctVCnhVi+QQj49i91OyvzkJl6cg==
  dependencies:
    glob-to-regexp "^0.4.1"
    graceful-fs "^4.1.2"

webpack-sources@3.2.3:
  version "3.2.3"
  resolved "https://registry.npmjs.org/webpack-sources/-/webpack-sources-3.2.3.tgz"
  integrity sha512-/DyMEOrDgLKKIG0fmvtz+4dUX/3Ghozwgm6iPp8KRhvn+eQf9+Q7GWxVNMk3+uCPWfdXYC4ExGBckIXdFEfH1w==

ws@^8.2.0:
  version "8.16.0"
  resolved "https://registry.npmjs.org/ws/-/ws-8.16.0.tgz"
  integrity sha512-HS0c//TP7Ina87TfiPUz1rQzMhHrl/SG2guqRcTOIUYD2q8uhUdNHZYJUaQ8aTGPzCh+c6oawMKW35nFl1dxyQ==

yallist@^4.0.0:
  version "4.0.0"
  resolved "https://registry.npmjs.org/yallist/-/yallist-4.0.0.tgz"
  integrity sha512-3wdGidZyq5PB084XLES5TpOSRA3wjXAlIWMhum2kRcv/41Sn2emQ0dycQW4uZXLejwKvg6EsvbdlVL+FYEct7A==

yocto-queue@^0.1.0:
  version "0.1.0"
  resolved "https://registry.npmjs.org/yocto-queue/-/yocto-queue-0.1.0.tgz"
  integrity sha512-rVksvsnNCdJ/ohGc6xgPwyN8eheCxsiLM8mxuE/t/mOVqJewPuO1miLpTHQiRgTKCLexL4MeAFVagts7HmNZ2Q==

zod-validation-error@1.2.0:
  version "1.2.0"
  resolved "https://registry.npmjs.org/zod-validation-error/-/zod-validation-error-1.2.0.tgz"
  integrity sha512-laJkD/ugwEh8CpuH+xXv5L9Z+RLz3lH8alNxolfaHZJck611OJj97R4Rb+ZqA7WNly2kNtTo4QwjdjXw9scpiw==

zod@^3.21.4:
  version "3.22.4"
  resolved "https://registry.npmjs.org/zod/-/zod-3.22.4.tgz"
  integrity sha512-iC+8Io04lddc+mVqQ9AZ7OQ2MrUKGN+oIQyq1vemgt46jwCwLfhq7/pwnBnNXXXZb8VTVLKwp9EDkx+ryxIWmg==
